// !$*UTF8*$!
{
	archiveVersion = 1;
	classes = {
	};
	objectVersion = 56;
	objects = {

/* Begin PBXBuildFile section */
		3A3DDD562A409F7300FA3C8F /* MathService.swift in Sources */ = {isa = PBXBuildFile; fileRef = 3A3DDD552A409F7300FA3C8F /* MathService.swift */; };
		3A3DDD592A40A07A00FA3C8F /* SlowMathWebService.swift in Sources */ = {isa = PBXBuildFile; fileRef = 3A3DDD582A40A07A00FA3C8F /* SlowMathWebService.swift */; };
		3AEE5FC62A3377990018C92E /* AppDelegate.swift in Sources */ = {isa = PBXBuildFile; fileRef = 3AEE5FC52A3377990018C92E /* AppDelegate.swift */; };
		3AEE5FC82A3377990018C92E /* SceneDelegate.swift in Sources */ = {isa = PBXBuildFile; fileRef = 3AEE5FC72A3377990018C92E /* SceneDelegate.swift */; };
		3AEE5FCA2A3377990018C92E /* ViewController.swift in Sources */ = {isa = PBXBuildFile; fileRef = 3AEE5FC92A3377990018C92E /* ViewController.swift */; };
		3AEE5FCD2A3377990018C92E /* Main.storyboard in Resources */ = {isa = PBXBuildFile; fileRef = 3AEE5FCB2A3377990018C92E /* Main.storyboard */; };
		3AEE5FCF2A33779A0018C92E /* Assets.xcassets in Resources */ = {isa = PBXBuildFile; fileRef = 3AEE5FCE2A33779A0018C92E /* Assets.xcassets */; };
		3AEE5FD22A33779A0018C92E /* LaunchScreen.storyboard in Resources */ = {isa = PBXBuildFile; fileRef = 3AEE5FD02A33779A0018C92E /* LaunchScreen.storyboard */; };
		3AEE5FF72A3378510018C92E /* AllocationTracker.swift in Sources */ = {isa = PBXBuildFile; fileRef = 3AEE5FF62A3378510018C92E /* AllocationTracker.swift */; };
		3AEE5FFC2A33799B0018C92E /* AllocationTrackerTestsBad.swift in Sources */ = {isa = PBXBuildFile; fileRef = 3AEE5FFB2A33799B0018C92E /* AllocationTrackerTestsBad.swift */; };
		3AEE5FFE2A337A530018C92E /* AllocationTrackerTestsGood.swift in Sources */ = {isa = PBXBuildFile; fileRef = 3AEE5FFD2A337A530018C92E /* AllocationTrackerTestsGood.swift */; };
/* End PBXBuildFile section */

/* Begin PBXContainerItemProxy section */
		3AEE5FD92A33779B0018C92E /* PBXContainerItemProxy */ = {
			isa = PBXContainerItemProxy;
			containerPortal = 3AEE5FBA2A3377990018C92E /* Project object */;
			proxyType = 1;
			remoteGlobalIDString = 3AEE5FC12A3377990018C92E;
			remoteInfo = TestingTips;
		};
/* End PBXContainerItemProxy section */

/* Begin PBXFileReference section */
		3A3DDD552A409F7300FA3C8F /* MathService.swift */ = {isa = PBXFileReference; lastKnownFileType = sourcecode.swift; path = MathService.swift; sourceTree = "<group>"; };
		3A3DDD582A40A07A00FA3C8F /* SlowMathWebService.swift */ = {isa = PBXFileReference; lastKnownFileType = sourcecode.swift; path = SlowMathWebService.swift; sourceTree = "<group>"; };
		3AEE5FC22A3377990018C92E /* TestingTips.app */ = {isa = PBXFileReference; explicitFileType = wrapper.application; includeInIndex = 0; path = TestingTips.app; sourceTree = BUILT_PRODUCTS_DIR; };
		3AEE5FC52A3377990018C92E /* AppDelegate.swift */ = {isa = PBXFileReference; lastKnownFileType = sourcecode.swift; path = AppDelegate.swift; sourceTree = "<group>"; };
		3AEE5FC72A3377990018C92E /* SceneDelegate.swift */ = {isa = PBXFileReference; lastKnownFileType = sourcecode.swift; path = SceneDelegate.swift; sourceTree = "<group>"; };
		3AEE5FC92A3377990018C92E /* ViewController.swift */ = {isa = PBXFileReference; lastKnownFileType = sourcecode.swift; path = ViewController.swift; sourceTree = "<group>"; };
		3AEE5FCC2A3377990018C92E /* Base */ = {isa = PBXFileReference; lastKnownFileType = file.storyboard; name = Base; path = Base.lproj/Main.storyboard; sourceTree = "<group>"; };
		3AEE5FCE2A33779A0018C92E /* Assets.xcassets */ = {isa = PBXFileReference; lastKnownFileType = folder.assetcatalog; path = Assets.xcassets; sourceTree = "<group>"; };
		3AEE5FD12A33779A0018C92E /* Base */ = {isa = PBXFileReference; lastKnownFileType = file.storyboard; name = Base; path = Base.lproj/LaunchScreen.storyboard; sourceTree = "<group>"; };
		3AEE5FD32A33779A0018C92E /* Info.plist */ = {isa = PBXFileReference; lastKnownFileType = text.plist.xml; path = Info.plist; sourceTree = "<group>"; };
		3AEE5FD82A33779B0018C92E /* TestingTipsTests.xctest */ = {isa = PBXFileReference; explicitFileType = wrapper.cfbundle; includeInIndex = 0; path = TestingTipsTests.xctest; sourceTree = BUILT_PRODUCTS_DIR; };
		3AEE5FF62A3378510018C92E /* AllocationTracker.swift */ = {isa = PBXFileReference; lastKnownFileType = sourcecode.swift; path = AllocationTracker.swift; sourceTree = "<group>"; };
		3AEE5FFB2A33799B0018C92E /* AllocationTrackerTestsBad.swift */ = {isa = PBXFileReference; lastKnownFileType = sourcecode.swift; path = AllocationTrackerTestsBad.swift; sourceTree = "<group>"; };
		3AEE5FFD2A337A530018C92E /* AllocationTrackerTestsGood.swift */ = {isa = PBXFileReference; fileEncoding = 4; lastKnownFileType = sourcecode.swift; path = AllocationTrackerTestsGood.swift; sourceTree = "<group>"; };
/* End PBXFileReference section */

/* Begin PBXFrameworksBuildPhase section */
		3AEE5FBF2A3377990018C92E /* Frameworks */ = {
			isa = PBXFrameworksBuildPhase;
			buildActionMask = 2147483647;
			files = (
			);
			runOnlyForDeploymentPostprocessing = 0;
		};
		3AEE5FD52A33779B0018C92E /* Frameworks */ = {
			isa = PBXFrameworksBuildPhase;
			buildActionMask = 2147483647;
			files = (
			);
			runOnlyForDeploymentPostprocessing = 0;
		};
/* End PBXFrameworksBuildPhase section */

/* Begin PBXGroup section */
		3A3DDD542A409F6200FA3C8F /* Week2 */ = {
			isa = PBXGroup;
			children = (
				3A3DDD552A409F7300FA3C8F /* MathService.swift */,
				3A3DDD582A40A07A00FA3C8F /* SlowMathWebService.swift */,
			);
			path = Week2;
			sourceTree = "<group>";
		};
		3A3DDD572A40A05A00FA3C8F /* Week2 */ = {
			isa = PBXGroup;
			children = (
			);
			path = Week2;
			sourceTree = "<group>";
		};
		3AEE5FB92A3377990018C92E = {
			isa = PBXGroup;
			children = (
				3AEE5FC42A3377990018C92E /* TestingTips */,
				3AEE5FDB2A33779B0018C92E /* TestingTipsTests */,
				3AEE5FC32A3377990018C92E /* Products */,
			);
			sourceTree = "<group>";
		};
		3AEE5FC32A3377990018C92E /* Products */ = {
			isa = PBXGroup;
			children = (
				3AEE5FC22A3377990018C92E /* TestingTips.app */,
				3AEE5FD82A33779B0018C92E /* TestingTipsTests.xctest */,
			);
			name = Products;
			sourceTree = "<group>";
		};
		3AEE5FC42A3377990018C92E /* TestingTips */ = {
			isa = PBXGroup;
			children = (
				3A3DDD542A409F6200FA3C8F /* Week2 */,
				3AEE5FF52A3378350018C92E /* Week1 */,
				3AEE5FC52A3377990018C92E /* AppDelegate.swift */,
				3AEE5FC72A3377990018C92E /* SceneDelegate.swift */,
				3AEE5FC92A3377990018C92E /* ViewController.swift */,
				3AEE5FCB2A3377990018C92E /* Main.storyboard */,
				3AEE5FCE2A33779A0018C92E /* Assets.xcassets */,
				3AEE5FD02A33779A0018C92E /* LaunchScreen.storyboard */,
				3AEE5FD32A33779A0018C92E /* Info.plist */,
			);
			path = TestingTips;
			sourceTree = "<group>";
		};
		3AEE5FDB2A33779B0018C92E /* TestingTipsTests */ = {
			isa = PBXGroup;
			children = (
				3A3DDD572A40A05A00FA3C8F /* Week2 */,
				3AEE5FF82A3379590018C92E /* Week1 */,
			);
			path = TestingTipsTests;
			sourceTree = "<group>";
		};
		3AEE5FF52A3378350018C92E /* Week1 */ = {
			isa = PBXGroup;
			children = (
				3AEE5FF62A3378510018C92E /* AllocationTracker.swift */,
			);
			path = Week1;
			sourceTree = "<group>";
		};
		3AEE5FF82A3379590018C92E /* Week1 */ = {
			isa = PBXGroup;
			children = (
				3AEE5FFB2A33799B0018C92E /* AllocationTrackerTestsBad.swift */,
				3AEE5FFD2A337A530018C92E /* AllocationTrackerTestsGood.swift */,
			);
			path = Week1;
			sourceTree = "<group>";
		};
/* End PBXGroup section */

/* Begin PBXNativeTarget section */
		3AEE5FC12A3377990018C92E /* TestingTips */ = {
			isa = PBXNativeTarget;
			buildConfigurationList = 3AEE5FEC2A33779B0018C92E /* Build configuration list for PBXNativeTarget "TestingTips" */;
			buildPhases = (
				3AEE5FBE2A3377990018C92E /* Sources */,
				3AEE5FBF2A3377990018C92E /* Frameworks */,
				3AEE5FC02A3377990018C92E /* Resources */,
			);
			buildRules = (
			);
			dependencies = (
			);
			name = TestingTips;
			productName = TestingTips;
			productReference = 3AEE5FC22A3377990018C92E /* TestingTips.app */;
			productType = "com.apple.product-type.application";
		};
		3AEE5FD72A33779B0018C92E /* TestingTipsTests */ = {
			isa = PBXNativeTarget;
			buildConfigurationList = 3AEE5FEF2A33779B0018C92E /* Build configuration list for PBXNativeTarget "TestingTipsTests" */;
			buildPhases = (
				3AEE5FD42A33779B0018C92E /* Sources */,
				3AEE5FD52A33779B0018C92E /* Frameworks */,
				3AEE5FD62A33779B0018C92E /* Resources */,
			);
			buildRules = (
			);
			dependencies = (
				3AEE5FDA2A33779B0018C92E /* PBXTargetDependency */,
			);
			name = TestingTipsTests;
			productName = TestingTipsTests;
			productReference = 3AEE5FD82A33779B0018C92E /* TestingTipsTests.xctest */;
			productType = "com.apple.product-type.bundle.unit-test";
		};
/* End PBXNativeTarget section */

/* Begin PBXProject section */
		3AEE5FBA2A3377990018C92E /* Project object */ = {
			isa = PBXProject;
			attributes = {
				BuildIndependentTargetsInParallel = 1;
				LastSwiftUpdateCheck = 1430;
				LastUpgradeCheck = 1430;
				TargetAttributes = {
					3AEE5FC12A3377990018C92E = {
						CreatedOnToolsVersion = 14.3;
					};
					3AEE5FD72A33779B0018C92E = {
						CreatedOnToolsVersion = 14.3;
						LastSwiftMigration = 1430;
						TestTargetID = 3AEE5FC12A3377990018C92E;
					};
				};
			};
			buildConfigurationList = 3AEE5FBD2A3377990018C92E /* Build configuration list for PBXProject "TestingTips" */;
			compatibilityVersion = "Xcode 14.0";
			developmentRegion = en;
			hasScannedForEncodings = 0;
			knownRegions = (
				en,
				Base,
			);
			mainGroup = 3AEE5FB92A3377990018C92E;
			productRefGroup = 3AEE5FC32A3377990018C92E /* Products */;
			projectDirPath = "";
			projectRoot = "";
			targets = (
				3AEE5FC12A3377990018C92E /* TestingTips */,
				3AEE5FD72A33779B0018C92E /* TestingTipsTests */,
			);
		};
/* End PBXProject section */

/* Begin PBXResourcesBuildPhase section */
		3AEE5FC02A3377990018C92E /* Resources */ = {
			isa = PBXResourcesBuildPhase;
			buildActionMask = 2147483647;
			files = (
				3AEE5FD22A33779A0018C92E /* LaunchScreen.storyboard in Resources */,
				3AEE5FCF2A33779A0018C92E /* Assets.xcassets in Resources */,
				3AEE5FCD2A3377990018C92E /* Main.storyboard in Resources */,
			);
			runOnlyForDeploymentPostprocessing = 0;
		};
		3AEE5FD62A33779B0018C92E /* Resources */ = {
			isa = PBXResourcesBuildPhase;
			buildActionMask = 2147483647;
			files = (
			);
			runOnlyForDeploymentPostprocessing = 0;
		};
/* End PBXResourcesBuildPhase section */

/* Begin PBXSourcesBuildPhase section */
		3AEE5FBE2A3377990018C92E /* Sources */ = {
			isa = PBXSourcesBuildPhase;
			buildActionMask = 2147483647;
			files = (
				3A3DDD562A409F7300FA3C8F /* MathService.swift in Sources */,
				3A3DDD592A40A07A00FA3C8F /* SlowMathWebService.swift in Sources */,
				3AEE5FF72A3378510018C92E /* AllocationTracker.swift in Sources */,
				3AEE5FCA2A3377990018C92E /* ViewController.swift in Sources */,
				3AEE5FC62A3377990018C92E /* AppDelegate.swift in Sources */,
				3AEE5FC82A3377990018C92E /* SceneDelegate.swift in Sources */,
			);
			runOnlyForDeploymentPostprocessing = 0;
		};
		3AEE5FD42A33779B0018C92E /* Sources */ = {
			isa = PBXSourcesBuildPhase;
			buildActionMask = 2147483647;
			files = (
				3AEE5FFE2A337A530018C92E /* AllocationTrackerTestsGood.swift in Sources */,
				3AEE5FFC2A33799B0018C92E /* AllocationTrackerTestsBad.swift in Sources */,
			);
			runOnlyForDeploymentPostprocessing = 0;
		};
/* End PBXSourcesBuildPhase section */

/* Begin PBXTargetDependency section */
		3AEE5FDA2A33779B0018C92E /* PBXTargetDependency */ = {
			isa = PBXTargetDependency;
			target = 3AEE5FC12A3377990018C92E /* TestingTips */;
			targetProxy = 3AEE5FD92A33779B0018C92E /* PBXContainerItemProxy */;
		};
/* End PBXTargetDependency section */

/* Begin PBXVariantGroup section */
		3AEE5FCB2A3377990018C92E /* Main.storyboard */ = {
			isa = PBXVariantGroup;
			children = (
				3AEE5FCC2A3377990018C92E /* Base */,
			);
			name = Main.storyboard;
			sourceTree = "<group>";
		};
		3AEE5FD02A33779A0018C92E /* LaunchScreen.storyboard */ = {
			isa = PBXVariantGroup;
			children = (
				3AEE5FD12A33779A0018C92E /* Base */,
			);
			name = LaunchScreen.storyboard;
			sourceTree = "<group>";
		};
/* End PBXVariantGroup section */

/* Begin XCBuildConfiguration section */
		3AEE5FEA2A33779B0018C92E /* Debug */ = {
			isa = XCBuildConfiguration;
			buildSettings = {
				ALWAYS_SEARCH_USER_PATHS = NO;
				CLANG_ANALYZER_NONNULL = YES;
				CLANG_ANALYZER_NUMBER_OBJECT_CONVERSION = YES_AGGRESSIVE;
				CLANG_CXX_LANGUAGE_STANDARD = "gnu++20";
				CLANG_ENABLE_MODULES = YES;
				CLANG_ENABLE_OBJC_ARC = YES;
				CLANG_ENABLE_OBJC_WEAK = YES;
				CLANG_WARN_BLOCK_CAPTURE_AUTORELEASING = YES;
				CLANG_WARN_BOOL_CONVERSION = YES;
				CLANG_WARN_COMMA = YES;
				CLANG_WARN_CONSTANT_CONVERSION = YES;
				CLANG_WARN_DEPRECATED_OBJC_IMPLEMENTATIONS = YES;
				CLANG_WARN_DIRECT_OBJC_ISA_USAGE = YES_ERROR;
				CLANG_WARN_DOCUMENTATION_COMMENTS = YES;
				CLANG_WARN_EMPTY_BODY = YES;
				CLANG_WARN_ENUM_CONVERSION = YES;
				CLANG_WARN_INFINITE_RECURSION = YES;
				CLANG_WARN_INT_CONVERSION = YES;
				CLANG_WARN_NON_LITERAL_NULL_CONVERSION = YES;
				CLANG_WARN_OBJC_IMPLICIT_RETAIN_SELF = YES;
				CLANG_WARN_OBJC_LITERAL_CONVERSION = YES;
				CLANG_WARN_OBJC_ROOT_CLASS = YES_ERROR;
				CLANG_WARN_QUOTED_INCLUDE_IN_FRAMEWORK_HEADER = YES;
				CLANG_WARN_RANGE_LOOP_ANALYSIS = YES;
				CLANG_WARN_STRICT_PROTOTYPES = YES;
				CLANG_WARN_SUSPICIOUS_MOVE = YES;
				CLANG_WARN_UNGUARDED_AVAILABILITY = YES_AGGRESSIVE;
				CLANG_WARN_UNREACHABLE_CODE = YES;
				CLANG_WARN__DUPLICATE_METHOD_MATCH = YES;
				COPY_PHASE_STRIP = NO;
				DEBUG_INFORMATION_FORMAT = dwarf;
				ENABLE_STRICT_OBJC_MSGSEND = YES;
				ENABLE_TESTABILITY = YES;
				GCC_C_LANGUAGE_STANDARD = gnu11;
				GCC_DYNAMIC_NO_PIC = NO;
				GCC_NO_COMMON_BLOCKS = YES;
				GCC_OPTIMIZATION_LEVEL = 0;
				GCC_PREPROCESSOR_DEFINITIONS = (
					"DEBUG=1",
					"$(inherited)",
				);
				GCC_WARN_64_TO_32_BIT_CONVERSION = YES;
				GCC_WARN_ABOUT_RETURN_TYPE = YES_ERROR;
				GCC_WARN_UNDECLARED_SELECTOR = YES;
				GCC_WARN_UNINITIALIZED_AUTOS = YES_AGGRESSIVE;
				GCC_WARN_UNUSED_FUNCTION = YES;
				GCC_WARN_UNUSED_VARIABLE = YES;
				IPHONEOS_DEPLOYMENT_TARGET = 16.4;
				MTL_ENABLE_DEBUG_INFO = INCLUDE_SOURCE;
				MTL_FAST_MATH = YES;
				ONLY_ACTIVE_ARCH = YES;
				SDKROOT = iphoneos;
				SWIFT_ACTIVE_COMPILATION_CONDITIONS = DEBUG;
				SWIFT_OPTIMIZATION_LEVEL = "-Onone";
			};
			name = Debug;
		};
		3AEE5FEB2A33779B0018C92E /* Release */ = {
			isa = XCBuildConfiguration;
			buildSettings = {
				ALWAYS_SEARCH_USER_PATHS = NO;
				CLANG_ANALYZER_NONNULL = YES;
				CLANG_ANALYZER_NUMBER_OBJECT_CONVERSION = YES_AGGRESSIVE;
				CLANG_CXX_LANGUAGE_STANDARD = "gnu++20";
				CLANG_ENABLE_MODULES = YES;
				CLANG_ENABLE_OBJC_ARC = YES;
				CLANG_ENABLE_OBJC_WEAK = YES;
				CLANG_WARN_BLOCK_CAPTURE_AUTORELEASING = YES;
				CLANG_WARN_BOOL_CONVERSION = YES;
				CLANG_WARN_COMMA = YES;
				CLANG_WARN_CONSTANT_CONVERSION = YES;
				CLANG_WARN_DEPRECATED_OBJC_IMPLEMENTATIONS = YES;
				CLANG_WARN_DIRECT_OBJC_ISA_USAGE = YES_ERROR;
				CLANG_WARN_DOCUMENTATION_COMMENTS = YES;
				CLANG_WARN_EMPTY_BODY = YES;
				CLANG_WARN_ENUM_CONVERSION = YES;
				CLANG_WARN_INFINITE_RECURSION = YES;
				CLANG_WARN_INT_CONVERSION = YES;
				CLANG_WARN_NON_LITERAL_NULL_CONVERSION = YES;
				CLANG_WARN_OBJC_IMPLICIT_RETAIN_SELF = YES;
				CLANG_WARN_OBJC_LITERAL_CONVERSION = YES;
				CLANG_WARN_OBJC_ROOT_CLASS = YES_ERROR;
				CLANG_WARN_QUOTED_INCLUDE_IN_FRAMEWORK_HEADER = YES;
				CLANG_WARN_RANGE_LOOP_ANALYSIS = YES;
				CLANG_WARN_STRICT_PROTOTYPES = YES;
				CLANG_WARN_SUSPICIOUS_MOVE = YES;
				CLANG_WARN_UNGUARDED_AVAILABILITY = YES_AGGRESSIVE;
				CLANG_WARN_UNREACHABLE_CODE = YES;
				CLANG_WARN__DUPLICATE_METHOD_MATCH = YES;
				COPY_PHASE_STRIP = NO;
				DEBUG_INFORMATION_FORMAT = "dwarf-with-dsym";
				ENABLE_NS_ASSERTIONS = NO;
				ENABLE_STRICT_OBJC_MSGSEND = YES;
				GCC_C_LANGUAGE_STANDARD = gnu11;
				GCC_NO_COMMON_BLOCKS = YES;
				GCC_WARN_64_TO_32_BIT_CONVERSION = YES;
				GCC_WARN_ABOUT_RETURN_TYPE = YES_ERROR;
				GCC_WARN_UNDECLARED_SELECTOR = YES;
				GCC_WARN_UNINITIALIZED_AUTOS = YES_AGGRESSIVE;
				GCC_WARN_UNUSED_FUNCTION = YES;
				GCC_WARN_UNUSED_VARIABLE = YES;
				IPHONEOS_DEPLOYMENT_TARGET = 16.4;
				MTL_ENABLE_DEBUG_INFO = NO;
				MTL_FAST_MATH = YES;
				SDKROOT = iphoneos;
				SWIFT_COMPILATION_MODE = wholemodule;
				SWIFT_OPTIMIZATION_LEVEL = "-O";
				VALIDATE_PRODUCT = YES;
			};
			name = Release;
		};
		3AEE5FED2A33779B0018C92E /* Debug */ = {
			isa = XCBuildConfiguration;
			buildSettings = {
				ASSETCATALOG_COMPILER_APPICON_NAME = AppIcon;
				ASSETCATALOG_COMPILER_GLOBAL_ACCENT_COLOR_NAME = AccentColor;
				CODE_SIGN_IDENTITY = "Apple Development";
				CODE_SIGN_STYLE = Manual;
				CURRENT_PROJECT_VERSION = 1;
				DEVELOPMENT_TEAM = "";
				GENERATE_INFOPLIST_FILE = YES;
				INFOPLIST_FILE = TestingTips/Info.plist;
				INFOPLIST_KEY_UIApplicationSupportsIndirectInputEvents = YES;
				INFOPLIST_KEY_UILaunchStoryboardName = LaunchScreen;
				INFOPLIST_KEY_UIMainStoryboardFile = Main;
				INFOPLIST_KEY_UISupportedInterfaceOrientations_iPad = "UIInterfaceOrientationPortrait UIInterfaceOrientationPortraitUpsideDown UIInterfaceOrientationLandscapeLeft UIInterfaceOrientationLandscapeRight";
				INFOPLIST_KEY_UISupportedInterfaceOrientations_iPhone = "UIInterfaceOrientationPortrait UIInterfaceOrientationLandscapeLeft UIInterfaceOrientationLandscapeRight";
				LD_RUNPATH_SEARCH_PATHS = (
					"$(inherited)",
					"@executable_path/Frameworks",
				);
				MARKETING_VERSION = 1.0;
				PRODUCT_BUNDLE_IDENTIFIER = com.tinyspeck.TestingTips;
				PRODUCT_NAME = "$(TARGET_NAME)";
				PROVISIONING_PROFILE_SPECIFIER = "";
				SWIFT_EMIT_LOC_STRINGS = YES;
				SWIFT_VERSION = 5.0;
				TARGETED_DEVICE_FAMILY = "1,2";
			};
			name = Debug;
		};
		3AEE5FEE2A33779B0018C92E /* Release */ = {
			isa = XCBuildConfiguration;
			buildSettings = {
				ASSETCATALOG_COMPILER_APPICON_NAME = AppIcon;
				ASSETCATALOG_COMPILER_GLOBAL_ACCENT_COLOR_NAME = AccentColor;
				CODE_SIGN_IDENTITY = "Apple Development";
				CODE_SIGN_STYLE = Manual;
				CURRENT_PROJECT_VERSION = 1;
				DEVELOPMENT_TEAM = "";
				GENERATE_INFOPLIST_FILE = YES;
				INFOPLIST_FILE = TestingTips/Info.plist;
				INFOPLIST_KEY_UIApplicationSupportsIndirectInputEvents = YES;
				INFOPLIST_KEY_UILaunchStoryboardName = LaunchScreen;
				INFOPLIST_KEY_UIMainStoryboardFile = Main;
				INFOPLIST_KEY_UISupportedInterfaceOrientations_iPad = "UIInterfaceOrientationPortrait UIInterfaceOrientationPortraitUpsideDown UIInterfaceOrientationLandscapeLeft UIInterfaceOrientationLandscapeRight";
				INFOPLIST_KEY_UISupportedInterfaceOrientations_iPhone = "UIInterfaceOrientationPortrait UIInterfaceOrientationLandscapeLeft UIInterfaceOrientationLandscapeRight";
				LD_RUNPATH_SEARCH_PATHS = (
					"$(inherited)",
					"@executable_path/Frameworks",
				);
				MARKETING_VERSION = 1.0;
				PRODUCT_BUNDLE_IDENTIFIER = com.tinyspeck.TestingTips;
				PRODUCT_NAME = "$(TARGET_NAME)";
				PROVISIONING_PROFILE_SPECIFIER = "";
				SWIFT_EMIT_LOC_STRINGS = YES;
				SWIFT_VERSION = 5.0;
				TARGETED_DEVICE_FAMILY = "1,2";
			};
			name = Release;
		};
		3AEE5FF02A33779B0018C92E /* Debug */ = {
			isa = XCBuildConfiguration;
			buildSettings = {
				ALWAYS_EMBED_SWIFT_STANDARD_LIBRARIES = YES;
				BUNDLE_LOADER = "$(TEST_HOST)";
				CLANG_ENABLE_MODULES = YES;
				CODE_SIGN_STYLE = Automatic;
				CURRENT_PROJECT_VERSION = 1;
				DEVELOPMENT_TEAM = TGRKZ3X9KH;
				GENERATE_INFOPLIST_FILE = YES;
				IPHONEOS_DEPLOYMENT_TARGET = 16.4;
				MARKETING_VERSION = 1.0;
				PRODUCT_BUNDLE_IDENTIFIER = com.tinyspeck.TestingTipsTests;
				PRODUCT_NAME = "$(TARGET_NAME)";
				SWIFT_EMIT_LOC_STRINGS = NO;
				SWIFT_OPTIMIZATION_LEVEL = "-Onone";
				SWIFT_VERSION = 5.0;
				TARGETED_DEVICE_FAMILY = "1,2";
				TEST_HOST = "$(BUILT_PRODUCTS_DIR)/TestingTips.app/$(BUNDLE_EXECUTABLE_FOLDER_PATH)/TestingTips";
			};
			name = Debug;
		};
		3AEE5FF12A33779B0018C92E /* Release */ = {
			isa = XCBuildConfiguration;
			buildSettings = {
				ALWAYS_EMBED_SWIFT_STANDARD_LIBRARIES = YES;
				BUNDLE_LOADER = "$(TEST_HOST)";
				CLANG_ENABLE_MODULES = YES;
				CODE_SIGN_STYLE = Automatic;
				CURRENT_PROJECT_VERSION = 1;
				DEVELOPMENT_TEAM = TGRKZ3X9KH;
				GENERATE_INFOPLIST_FILE = YES;
				IPHONEOS_DEPLOYMENT_TARGET = 16.4;
				MARKETING_VERSION = 1.0;
				PRODUCT_BUNDLE_IDENTIFIER = com.tinyspeck.TestingTipsTests;
				PRODUCT_NAME = "$(TARGET_NAME)";
				SWIFT_EMIT_LOC_STRINGS = NO;
				SWIFT_VERSION = 5.0;
				TARGETED_DEVICE_FAMILY = "1,2";
				TEST_HOST = "$(BUILT_PRODUCTS_DIR)/TestingTips.app/$(BUNDLE_EXECUTABLE_FOLDER_PATH)/TestingTips";
			};
			name = Release;
		};
/* End XCBuildConfiguration section */

/* Begin XCConfigurationList section */
		3AEE5FBD2A3377990018C92E /* Build configuration list for PBXProject "TestingTips" */ = {
			isa = XCConfigurationList;
			buildConfigurations = (
				3AEE5FEA2A33779B0018C92E /* Debug */,
				3AEE5FEB2A33779B0018C92E /* Release */,
			);
			defaultConfigurationIsVisible = 0;
			defaultConfigurationName = Release;
		};
		3AEE5FEC2A33779B0018C92E /* Build configuration list for PBXNativeTarget "TestingTips" */ = {
			isa = XCConfigurationList;
			buildConfigurations = (
				3AEE5FED2A33779B0018C92E /* Debug */,
				3AEE5FEE2A33779B0018C92E /* Release */,
			);
			defaultConfigurationIsVisible = 0;
			defaultConfigurationName = Release;
		};
		3AEE5FEF2A33779B0018C92E /* Build configuration list for PBXNativeTarget "TestingTipsTests" */ = {
			isa = XCConfigurationList;
			buildConfigurations = (
				3AEE5FF02A33779B0018C92E /* Debug */,
				3AEE5FF12A33779B0018C92E /* Release */,
			);
			defaultConfigurationIsVisible = 0;
			defaultConfigurationName = Release;
		};
/* End XCConfigurationList section */
	};
	rootObject = 3AEE5FBA2A3377990018C92E /* Project object */;
}
